
Microsoft Visual Studio Solution File, Format Version 12.00
# Visual Studio Version 16
VisualStudioVersion = 16.0.29519.181
MinimumVisualStudioVersion = 10.0.40219.1
Project("{9A19103F-16F7-4668-BE54-9A1E7A4F7556}") = "BiliAccount", "BiliAccount\BiliAccount.csproj", "{051E5F22-F345-4871-9433-C586A0C6A968}"
EndProject
Project("{FAE04EC0-301F-11D3-BF4B-00C04F79EFBC}") = "BiliAccount.TestProject", "BiliAccount.TestProject\BiliAccount.TestProject.csproj", "{F234C8F2-6623-4775-AAAD-FAE9ACE77290}"
EndProject
Project("{9A19103F-16F7-4668-BE54-9A1E7A4F7556}") = "BiliAccount.Geetest.Controls", "BiliAccount.Geetest.Controls\BiliAccount.Geetest.Controls.csproj", "{D54053B7-5294-4468-ADC2-80E839434A3C}"
	ProjectSection(ProjectDependencies) = postProject
		{051E5F22-F345-4871-9433-C586A0C6A968} = {051E5F22-F345-4871-9433-C586A0C6A968}
	EndProjectSection
EndProject
Project("{9A19103F-16F7-4668-BE54-9A1E7A4F7556}") = "BiliAccount.Geetest", "BiliAccount.Geetest\BiliAccount.Geetest.csproj", "{D50857E8-CD41-4049-B0E4-FE87CDF2CC88}"
EndProject
Project("{FAE04EC0-301F-11D3-BF4B-00C04F79EFBC}") = "BiliAccount.TestProject.WPF", "BiliAccount.TestProject.WPF\BiliAccount.TestProject.WPF.csproj", "{3168ACE0-0736-41E8-90CB-D368379200FF}"
EndProject
Project("{9A19103F-16F7-4668-BE54-9A1E7A4F7556}") = "BiliAccount.Core31TestProject", "BiliAccount.Core31TestProject\BiliAccount.Core31TestProject.csproj", "{2B3E6CDE-29C6-4C68-A89B-AF035ED08843}"
EndProject
Project("{2150E333-8FDC-42A3-9474-1A3956D46DE8}") = "TestProjects", "TestProjects", "{835C91CD-8388-45AA-B00E-03D82E72B198}"
EndProject
Global
	GlobalSection(SolutionConfigurationPlatforms) = preSolution
		Debug|Any CPU = Debug|Any CPU
		Debug|x64 = Debug|x64
		Debug|x86 = Debug|x86
		Release|Any CPU = Release|Any CPU
		Release|x64 = Release|x64
		Release|x86 = Release|x86
	EndGlobalSection
	GlobalSection(ProjectConfigurationPlatforms) = postSolution
		{051E5F22-F345-4871-9433-C586A0C6A968}.Debug|Any CPU.ActiveCfg = Debug|Any CPU
		{051E5F22-F345-4871-9433-C586A0C6A968}.Debug|Any CPU.Build.0 = Debug|Any CPU
		{051E5F22-F345-4871-9433-C586A0C6A968}.Debug|x64.ActiveCfg = Debug|Any CPU
		{051E5F22-F345-4871-9433-C586A0C6A968}.Debug|x64.Build.0 = Debug|Any CPU
		{051E5F22-F345-4871-9433-C586A0C6A968}.Debug|x86.ActiveCfg = Debug|Any CPU
		{051E5F22-F345-4871-9433-C586A0C6A968}.Debug|x86.Build.0 = Debug|Any CPU
		{051E5F22-F345-4871-9433-C586A0C6A968}.Release|Any CPU.ActiveCfg = Release|Any CPU
		{051E5F22-F345-4871-9433-C586A0C6A968}.Release|Any CPU.Build.0 = Release|Any CPU
		{051E5F22-F345-4871-9433-C586A0C6A968}.Release|x64.ActiveCfg = Release|Any CPU
		{051E5F22-F345-4871-9433-C586A0C6A968}.Release|x64.Build.0 = Release|Any CPU
		{051E5F22-F345-4871-9433-C586A0C6A968}.Release|x86.ActiveCfg = Release|Any CPU
		{051E5F22-F345-4871-9433-C586A0C6A968}.Release|x86.Build.0 = Release|Any CPU
		{F234C8F2-6623-4775-AAAD-FAE9ACE77290}.Debug|Any CPU.ActiveCfg = Debug|Any CPU
		{F234C8F2-6623-4775-AAAD-FAE9ACE77290}.Debug|Any CPU.Build.0 = Debug|Any CPU
		{F234C8F2-6623-4775-AAAD-FAE9ACE77290}.Debug|x64.ActiveCfg = Debug|Any CPU
		{F234C8F2-6623-4775-AAAD-FAE9ACE77290}.Debug|x64.Build.0 = Debug|Any CPU
		{F234C8F2-6623-4775-AAAD-FAE9ACE77290}.Debug|x86.ActiveCfg = Debug|Any CPU
		{F234C8F2-6623-4775-AAAD-FAE9ACE77290}.Debug|x86.Build.0 = Debug|Any CPU
		{F234C8F2-6623-4775-AAAD-FAE9ACE77290}.Release|Any CPU.ActiveCfg = Release|Any CPU
		{F234C8F2-6623-4775-AAAD-FAE9ACE77290}.Release|Any CPU.Build.0 = Release|Any CPU
		{F234C8F2-6623-4775-AAAD-FAE9ACE77290}.Release|x64.ActiveCfg = Release|Any CPU
		{F234C8F2-6623-4775-AAAD-FAE9ACE77290}.Release|x64.Build.0 = Release|Any CPU
		{F234C8F2-6623-4775-AAAD-FAE9ACE77290}.Release|x86.ActiveCfg = Release|Any CPU
		{F234C8F2-6623-4775-AAAD-FAE9ACE77290}.Release|x86.Build.0 = Release|Any CPU
		{D54053B7-5294-4468-ADC2-80E839434A3C}.Debug|Any CPU.ActiveCfg = Debug|x86
		{D54053B7-5294-4468-ADC2-80E839434A3C}.Debug|Any CPU.Build.0 = Debug|x86
		{D54053B7-5294-4468-ADC2-80E839434A3C}.Debug|x64.ActiveCfg = Debug|x64
		{D54053B7-5294-4468-ADC2-80E839434A3C}.Debug|x64.Build.0 = Debug|x64
		{D54053B7-5294-4468-ADC2-80E839434A3C}.Debug|x86.ActiveCfg = Debug|x86
		{D54053B7-5294-4468-ADC2-80E839434A3C}.Debug|x86.Build.0 = Debug|x86
		{D54053B7-5294-4468-ADC2-80E839434A3C}.Release|Any CPU.ActiveCfg = Release|x86
		{D54053B7-5294-4468-ADC2-80E839434A3C}.Release|x64.ActiveCfg = Release|x64
		{D54053B7-5294-4468-ADC2-80E839434A3C}.Release|x64.Build.0 = Release|x64
		{D54053B7-5294-4468-ADC2-80E839434A3C}.Release|x86.ActiveCfg = Release|x86
		{D54053B7-5294-4468-ADC2-80E839434A3C}.Release|x86.Build.0 = Release|x86
		{D50857E8-CD41-4049-B0E4-FE87CDF2CC88}.Debug|Any CPU.ActiveCfg = Debug|Any CPU
		{D50857E8-CD41-4049-B0E4-FE87CDF2CC88}.Debug|Any CPU.Build.0 = Debug|Any CPU
		{D50857E8-CD41-4049-B0E4-FE87CDF2CC88}.Debug|x64.ActiveCfg = Debug|Any CPU
		{D50857E8-CD41-4049-B0E4-FE87CDF2CC88}.Debug|x64.Build.0 = Debug|Any CPU
		{D50857E8-CD41-4049-B0E4-FE87CDF2CC88}.Debug|x86.ActiveCfg = Debug|Any CPU
		{D50857E8-CD41-4049-B0E4-FE87CDF2CC88}.Debug|x86.Build.0 = Debug|Any CPU
		{D50857E8-CD41-4049-B0E4-FE87CDF2CC88}.Release|Any CPU.ActiveCfg = Release|Any CPU
		{D50857E8-CD41-4049-B0E4-FE87CDF2CC88}.Release|Any CPU.Build.0 = Release|Any CPU
		{D50857E8-CD41-4049-B0E4-FE87CDF2CC88}.Release|x64.ActiveCfg = Release|Any CPU
		{D50857E8-CD41-4049-B0E4-FE87CDF2CC88}.Release|x64.Build.0 = Release|Any CPU
		{D50857E8-CD41-4049-B0E4-FE87CDF2CC88}.Release|x86.ActiveCfg = Release|Any CPU
		{D50857E8-CD41-4049-B0E4-FE87CDF2CC88}.Release|x86.Build.0 = Release|Any CPU
		{3168ACE0-0736-41E8-90CB-D368379200FF}.Debug|Any CPU.ActiveCfg = Debug|Any CPU
		{3168ACE0-0736-41E8-90CB-D368379200FF}.Debug|Any CPU.Build.0 = Debug|Any CPU
		{3168ACE0-0736-41E8-90CB-D368379200FF}.Debug|x64.ActiveCfg = Debug|Any CPU
		{3168ACE0-0736-41E8-90CB-D368379200FF}.Debug|x64.Build.0 = Debug|Any CPU
		{3168ACE0-0736-41E8-90CB-D368379200FF}.Debug|x86.ActiveCfg = Debug|Any CPU
		{3168ACE0-0736-41E8-90CB-D368379200FF}.Debug|x86.Build.0 = Debug|Any CPU
		{3168ACE0-0736-41E8-90CB-D368379200FF}.Release|Any CPU.ActiveCfg = Release|Any CPU
		{3168ACE0-0736-41E8-90CB-D368379200FF}.Release|Any CPU.Build.0 = Release|Any CPU
		{3168ACE0-0736-41E8-90CB-D368379200FF}.Release|x64.ActiveCfg = Release|Any CPU
		{3168ACE0-0736-41E8-90CB-D368379200FF}.Release|x64.Build.0 = Release|Any CPU
		{3168ACE0-0736-41E8-90CB-D368379200FF}.Release|x86.ActiveCfg = Release|Any CPU
		{3168ACE0-0736-41E8-90CB-D368379200FF}.Release|x86.Build.0 = Release|Any CPU
		{2B3E6CDE-29C6-4C68-A89B-AF035ED08843}.Debug|Any CPU.ActiveCfg = Debug|Any CPU
		{2B3E6CDE-29C6-4C68-A89B-AF035ED08843}.Debug|Any CPU.Build.0 = Debug|Any CPU
		{2B3E6CDE-29C6-4C68-A89B-AF035ED08843}.Debug|x64.ActiveCfg = Debug|Any CPU
		{2B3E6CDE-29C6-4C68-A89B-AF035ED08843}.Debug|x64.Build.0 = Debug|Any CPU
		{2B3E6CDE-29C6-4C68-A89B-AF035ED08843}.Debug|x86.ActiveCfg = Debug|Any CPU
		{2B3E6CDE-29C6-4C68-A89B-AF035ED08843}.Debug|x86.Build.0 = Debug|Any CPU
		{2B3E6CDE-29C6-4C68-A89B-AF035ED08843}.Release|Any CPU.ActiveCfg = Release|Any CPU
		{2B3E6CDE-29C6-4C68-A89B-AF035ED08843}.Release|Any CPU.Build.0 = Release|Any CPU
		{2B3E6CDE-29C6-4C68-A89B-AF035ED08843}.Release|x64.ActiveCfg = Release|Any CPU
		{2B3E6CDE-29C6-4C68-A89B-AF035ED08843}.Release|x64.Build.0 = Release|Any CPU
		{2B3E6CDE-29C6-4C68-A89B-AF035ED08843}.Release|x86.ActiveCfg = Release|Any CPU
		{2B3E6CDE-29C6-4C68-A89B-AF035ED08843}.Release|x86.Build.0 = Release|Any CPU
	EndGlobalSection
	GlobalSection(SolutionProperties) = preSolution
		HideSolutionNode = FALSE
	EndGlobalSection
	GlobalSection(NestedProjects) = preSolution
		{F234C8F2-6623-4775-AAAD-FAE9ACE77290} = {835C91CD-8388-45AA-B00E-03D82E72B198}
		{3168ACE0-0736-41E8-90CB-D368379200FF} = {835C91CD-8388-45AA-B00E-03D82E72B198}
		{2B3E6CDE-29C6-4C68-A89B-AF035ED08843} = {835C91CD-8388-45AA-B00E-03D82E72B198}
	EndGlobalSection
	GlobalSection(ExtensibilityGlobals) = postSolution
		SolutionGuid = {7AC806D8-62E7-4DD4-A718-B51C638256FD}
	EndGlobalSection
EndGlobal
